
Microsoft Visual Studio Solution File, Format Version 12.00
# Visual Studio Version 17
VisualStudioVersion = 17.7.34031.279
MinimumVisualStudioVersion = 10.0.40219.1
Project("{8BC9CEB8-8B4A-11D0-8D11-00A0C91BC942}") = "Task_Matrix", "Task_Matrix\Task_Matrix.vcxproj", "{9A2B0193-1C97-4E6F-8079-4B72568DFF34}"
EndProject
Global
	GlobalSection(SolutionConfigurationPlatforms) = preSolution
		Debug|x64 = Debug|x64
		Debug|x86 = Debug|x86
		Release|x64 = Release|x64
		Release|x86 = Release|x86
	EndGlobalSection
	GlobalSection(ProjectConfigurationPlatforms) = postSolution
		{9A2B0193-1C97-4E6F-8079-4B72568DFF34}.Debug|x64.ActiveCfg = Debug|x64
		{9A2B0193-1C97-4E6F-8079-4B72568DFF34}.Debug|x64.Build.0 = Debug|x64
		{9A2B0193-1C97-4E6F-8079-4B72568DFF34}.Debug|x86.ActiveCfg = Debug|Win32
		{9A2B0193-1C97-4E6F-8079-4B72568DFF34}.Debug|x86.Build.0 = Debug|Win32
		{9A2B0193-1C97-4E6F-8079-4B72568DFF34}.Release|x64.ActiveCfg = Release|x64
		{9A2B0193-1C97-4E6F-8079-4B72568DFF34}.Release|x64.Build.0 = Release|x64
		{9A2B0193-1C97-4E6F-8079-4B72568DFF34}.Release|x86.ActiveCfg = Release|Win32
		{9A2B0193-1C97-4E6F-8079-4B72568DFF34}.Release|x86.Build.0 = Release|Win32
	EndGlobalSection
	GlobalSection(SolutionProperties) = preSolution
		HideSolutionNode = FALSE
	EndGlobalSection
	GlobalSection(ExtensibilityGlobals) = postSolution
		SolutionGuid = {8D09952B-709A-4FBE-B1B5-BFE7EAAEA149}
	EndGlobalSection
EndGlobal
